{
  "name": "DesD_AI_pathway",
  "lockfileVersion": 3,
  "requires": true,
  "packages": {
    "": {
      "dependencies": {
        "react-body-highlighter": "^2.0.5"
      }
    },
    "node_modules/react": {
      "version": "19.1.0",
      "resolved": "https://registry.npmjs.org/react/-/react-19.1.0.tgz",
      "integrity": "sha512-FS+XFBNvn3GTAWq26joslQgWNoFu08F4kl0J4CgdNKADkdSGXQyTCnKteIAJy96Br6YbpEU1LSzV5dYtjMkMDg==",
      "peer": true,
      "engines": {
        "node": ">=0.10.0"
      }
    },
    "node_modules/react-body-highlighter": {
      "version": "2.0.5",
      "resolved": "https://registry.npmjs.org/react-body-highlighter/-/react-body-highlighter-2.0.5.tgz",
      "integrity": "sha512-yt37177vKIc+8TGxQw//G/3ah2aw/3E0g1oDt4N+46fMLVZ9BSelhc9S7kiwEkJRvYc3RyUSr9453uMJnvtxRg==",
      "engines": {
        "node": ">=10"
      },
      "peerDependencies": {
        "react": ">=16"
      }
    }
  }
}
